
Microsoft Visual Studio Solution File, Format Version 12.00
# Visual Studio Version 16
VisualStudioVersion = 16.0.30406.217
MinimumVisualStudioVersion = 10.0.40219.1
Project("{FAE04EC0-301F-11D3-BF4B-00C04F79EFBC}") = "AAC.UWP", "AAC.UWP\AAC.UWP.csproj", "{51D9BAFF-37C7-4A8A-9DB4-AABD286E7E6C}"
EndProject
Project("{FAE04EC0-301F-11D3-BF4B-00C04F79EFBC}") = "AAC.Android", "AAC.Android\AAC.Android.csproj", "{CB794542-EBA1-464A-A5AC-011D5538BCC2}"
EndProject
Project("{FAE04EC0-301F-11D3-BF4B-00C04F79EFBC}") = "AAC.iOS", "AAC.iOS\AAC.iOS.csproj", "{C8A1F820-264B-4B94-BDF9-55FC83C375DB}"
EndProject
Project("{FAE04EC0-301F-11D3-BF4B-00C04F79EFBC}") = "AAC", "AAC\AAC.csproj", "{D724AE5E-3DD5-40F7-854F-FD4546EC2CA9}"
EndProject
Global
	GlobalSection(SolutionConfigurationPlatforms) = preSolution
		Debug|Any CPU = Debug|Any CPU
		Debug|ARM = Debug|ARM
		Debug|iPhone = Debug|iPhone
		Debug|iPhoneSimulator = Debug|iPhoneSimulator
		Debug|x64 = Debug|x64
		Debug|x86 = Debug|x86
		Release|Any CPU = Release|Any CPU
		Release|ARM = Release|ARM
		Release|iPhone = Release|iPhone
		Release|iPhoneSimulator = Release|iPhoneSimulator
		Release|x64 = Release|x64
		Release|x86 = Release|x86
	EndGlobalSection
	GlobalSection(ProjectConfigurationPlatforms) = postSolution
		{51D9BAFF-37C7-4A8A-9DB4-AABD286E7E6C}.Debug|Any CPU.ActiveCfg = Debug|x86
		{51D9BAFF-37C7-4A8A-9DB4-AABD286E7E6C}.Debug|Any CPU.Build.0 = Debug|x86
		{51D9BAFF-37C7-4A8A-9DB4-AABD286E7E6C}.Debug|Any CPU.Deploy.0 = Debug|x86
		{51D9BAFF-37C7-4A8A-9DB4-AABD286E7E6C}.Debug|ARM.ActiveCfg = Debug|ARM
		{51D9BAFF-37C7-4A8A-9DB4-AABD286E7E6C}.Debug|ARM.Build.0 = Debug|ARM
		{51D9BAFF-37C7-4A8A-9DB4-AABD286E7E6C}.Debug|ARM.Deploy.0 = Debug|ARM
		{51D9BAFF-37C7-4A8A-9DB4-AABD286E7E6C}.Debug|iPhone.ActiveCfg = Debug|x86
		{51D9BAFF-37C7-4A8A-9DB4-AABD286E7E6C}.Debug|iPhone.Build.0 = Debug|x86
		{51D9BAFF-37C7-4A8A-9DB4-AABD286E7E6C}.Debug|iPhone.Deploy.0 = Debug|x86
		{51D9BAFF-37C7-4A8A-9DB4-AABD286E7E6C}.Debug|iPhoneSimulator.ActiveCfg = Debug|x86
		{51D9BAFF-37C7-4A8A-9DB4-AABD286E7E6C}.Debug|iPhoneSimulator.Build.0 = Debug|x86
		{51D9BAFF-37C7-4A8A-9DB4-AABD286E7E6C}.Debug|iPhoneSimulator.Deploy.0 = Debug|x86
		{51D9BAFF-37C7-4A8A-9DB4-AABD286E7E6C}.Debug|x64.ActiveCfg = Debug|x64
		{51D9BAFF-37C7-4A8A-9DB4-AABD286E7E6C}.Debug|x64.Build.0 = Debug|x64
		{51D9BAFF-37C7-4A8A-9DB4-AABD286E7E6C}.Debug|x64.Deploy.0 = Debug|x64
		{51D9BAFF-37C7-4A8A-9DB4-AABD286E7E6C}.Debug|x86.ActiveCfg = Debug|x86
		{51D9BAFF-37C7-4A8A-9DB4-AABD286E7E6C}.Debug|x86.Build.0 = Debug|x86
		{51D9BAFF-37C7-4A8A-9DB4-AABD286E7E6C}.Debug|x86.Deploy.0 = Debug|x86
		{51D9BAFF-37C7-4A8A-9DB4-AABD286E7E6C}.Release|Any CPU.ActiveCfg = Release|x86
		{51D9BAFF-37C7-4A8A-9DB4-AABD286E7E6C}.Release|Any CPU.Build.0 = Release|x86
		{51D9BAFF-37C7-4A8A-9DB4-AABD286E7E6C}.Release|Any CPU.Deploy.0 = Release|x86
		{51D9BAFF-37C7-4A8A-9DB4-AABD286E7E6C}.Release|ARM.ActiveCfg = Release|ARM
		{51D9BAFF-37C7-4A8A-9DB4-AABD286E7E6C}.Release|ARM.Build.0 = Release|ARM
		{51D9BAFF-37C7-4A8A-9DB4-AABD286E7E6C}.Release|ARM.Deploy.0 = Release|ARM
		{51D9BAFF-37C7-4A8A-9DB4-AABD286E7E6C}.Release|iPhone.ActiveCfg = Release|x86
		{51D9BAFF-37C7-4A8A-9DB4-AABD286E7E6C}.Release|iPhone.Build.0 = Release|x86
		{51D9BAFF-37C7-4A8A-9DB4-AABD286E7E6C}.Release|iPhone.Deploy.0 = Release|x86
		{51D9BAFF-37C7-4A8A-9DB4-AABD286E7E6C}.Release|iPhoneSimulator.ActiveCfg = Release|x86
		{51D9BAFF-37C7-4A8A-9DB4-AABD286E7E6C}.Release|iPhoneSimulator.Build.0 = Release|x86
		{51D9BAFF-37C7-4A8A-9DB4-AABD286E7E6C}.Release|iPhoneSimulator.Deploy.0 = Release|x86
		{51D9BAFF-37C7-4A8A-9DB4-AABD286E7E6C}.Release|x64.ActiveCfg = Release|x64
		{51D9BAFF-37C7-4A8A-9DB4-AABD286E7E6C}.Release|x64.Build.0 = Release|x64
		{51D9BAFF-37C7-4A8A-9DB4-AABD286E7E6C}.Release|x64.Deploy.0 = Release|x64
		{51D9BAFF-37C7-4A8A-9DB4-AABD286E7E6C}.Release|x86.ActiveCfg = Release|x86
		{51D9BAFF-37C7-4A8A-9DB4-AABD286E7E6C}.Release|x86.Build.0 = Release|x86
		{51D9BAFF-37C7-4A8A-9DB4-AABD286E7E6C}.Release|x86.Deploy.0 = Release|x86
		{CB794542-EBA1-464A-A5AC-011D5538BCC2}.Debug|Any CPU.ActiveCfg = Debug|Any CPU
		{CB794542-EBA1-464A-A5AC-011D5538BCC2}.Debug|Any CPU.Build.0 = Debug|Any CPU
		{CB794542-EBA1-464A-A5AC-011D5538BCC2}.Debug|Any CPU.Deploy.0 = Debug|Any CPU
		{CB794542-EBA1-464A-A5AC-011D5538BCC2}.Debug|ARM.ActiveCfg = Debug|Any CPU
		{CB794542-EBA1-464A-A5AC-011D5538BCC2}.Debug|ARM.Build.0 = Debug|Any CPU
		{CB794542-EBA1-464A-A5AC-011D5538BCC2}.Debug|ARM.Deploy.0 = Debug|Any CPU
		{CB794542-EBA1-464A-A5AC-011D5538BCC2}.Debug|iPhone.ActiveCfg = Debug|Any CPU
		{CB794542-EBA1-464A-A5AC-011D5538BCC2}.Debug|iPhone.Build.0 = Debug|Any CPU
		{CB794542-EBA1-464A-A5AC-011D5538BCC2}.Debug|iPhone.Deploy.0 = Debug|Any CPU
		{CB794542-EBA1-464A-A5AC-011D5538BCC2}.Debug|iPhoneSimulator.ActiveCfg = Debug|Any CPU
		{CB794542-EBA1-464A-A5AC-011D5538BCC2}.Debug|iPhoneSimulator.Build.0 = Debug|Any CPU
		{CB794542-EBA1-464A-A5AC-011D5538BCC2}.Debug|iPhoneSimulator.Deploy.0 = Debug|Any CPU
		{CB794542-EBA1-464A-A5AC-011D5538BCC2}.Debug|x64.ActiveCfg = Debug|Any CPU
		{CB794542-EBA1-464A-A5AC-011D5538BCC2}.Debug|x64.Build.0 = Debug|Any CPU
		{CB794542-EBA1-464A-A5AC-011D5538BCC2}.Debug|x64.Deploy.0 = Debug|Any CPU
		{CB794542-EBA1-464A-A5AC-011D5538BCC2}.Debug|x86.ActiveCfg = Debug|Any CPU
		{CB794542-EBA1-464A-A5AC-011D5538BCC2}.Debug|x86.Build.0 = Debug|Any CPU
		{CB794542-EBA1-464A-A5AC-011D5538BCC2}.Debug|x86.Deploy.0 = Debug|Any CPU
		{CB794542-EBA1-464A-A5AC-011D5538BCC2}.Release|Any CPU.ActiveCfg = Release|Any CPU
		{CB794542-EBA1-464A-A5AC-011D5538BCC2}.Release|Any CPU.Build.0 = Release|Any CPU
		{CB794542-EBA1-464A-A5AC-011D5538BCC2}.Release|Any CPU.Deploy.0 = Release|Any CPU
		{CB794542-EBA1-464A-A5AC-011D5538BCC2}.Release|ARM.ActiveCfg = Release|Any CPU
		{CB794542-EBA1-464A-A5AC-011D5538BCC2}.Release|ARM.Build.0 = Release|Any CPU
		{CB794542-EBA1-464A-A5AC-011D5538BCC2}.Release|ARM.Deploy.0 = Release|Any CPU
		{CB794542-EBA1-464A-A5AC-011D5538BCC2}.Release|iPhone.ActiveCfg = Release|Any CPU
		{CB794542-EBA1-464A-A5AC-011D5538BCC2}.Release|iPhone.Build.0 = Release|Any CPU
		{CB794542-EBA1-464A-A5AC-011D5538BCC2}.Release|iPhone.Deploy.0 = Release|Any CPU
		{CB794542-EBA1-464A-A5AC-011D5538BCC2}.Release|iPhoneSimulator.ActiveCfg = Release|Any CPU
		{CB794542-EBA1-464A-A5AC-011D5538BCC2}.Release|iPhoneSimulator.Build.0 = Release|Any CPU
		{CB794542-EBA1-464A-A5AC-011D5538BCC2}.Release|iPhoneSimulator.Deploy.0 = Release|Any CPU
		{CB794542-EBA1-464A-A5AC-011D5538BCC2}.Release|x64.ActiveCfg = Release|Any CPU
		{CB794542-EBA1-464A-A5AC-011D5538BCC2}.Release|x64.Build.0 = Release|Any CPU
		{CB794542-EBA1-464A-A5AC-011D5538BCC2}.Release|x64.Deploy.0 = Release|Any CPU
		{CB794542-EBA1-464A-A5AC-011D5538BCC2}.Release|x86.ActiveCfg = Release|Any CPU
		{CB794542-EBA1-464A-A5AC-011D5538BCC2}.Release|x86.Build.0 = Release|Any CPU
		{CB794542-EBA1-464A-A5AC-011D5538BCC2}.Release|x86.Deploy.0 = Release|Any CPU
		{C8A1F820-264B-4B94-BDF9-55FC83C375DB}.Debug|Any CPU.ActiveCfg = Debug|iPhone
		{C8A1F820-264B-4B94-BDF9-55FC83C375DB}.Debug|Any CPU.Build.0 = Debug|iPhone
		{C8A1F820-264B-4B94-BDF9-55FC83C375DB}.Debug|Any CPU.Deploy.0 = Debug|iPhone
		{C8A1F820-264B-4B94-BDF9-55FC83C375DB}.Debug|ARM.ActiveCfg = Debug|iPhone
		{C8A1F820-264B-4B94-BDF9-55FC83C375DB}.Debug|ARM.Build.0 = Debug|iPhone
		{C8A1F820-264B-4B94-BDF9-55FC83C375DB}.Debug|ARM.Deploy.0 = Debug|iPhone
		{C8A1F820-264B-4B94-BDF9-55FC83C375DB}.Debug|iPhone.ActiveCfg = Debug|iPhone
		{C8A1F820-264B-4B94-BDF9-55FC83C375DB}.Debug|iPhone.Build.0 = Debug|iPhone
		{C8A1F820-264B-4B94-BDF9-55FC83C375DB}.Debug|iPhone.Deploy.0 = Debug|iPhone
		{C8A1F820-264B-4B94-BDF9-55FC83C375DB}.Debug|iPhoneSimulator.ActiveCfg = Debug|iPhoneSimulator
		{C8A1F820-264B-4B94-BDF9-55FC83C375DB}.Debug|iPhoneSimulator.Build.0 = Debug|iPhoneSimulator
		{C8A1F820-264B-4B94-BDF9-55FC83C375DB}.Debug|iPhoneSimulator.Deploy.0 = Debug|iPhoneSimulator
		{C8A1F820-264B-4B94-BDF9-55FC83C375DB}.Debug|x64.ActiveCfg = Debug|iPhone
		{C8A1F820-264B-4B94-BDF9-55FC83C375DB}.Debug|x64.Build.0 = Debug|iPhone
		{C8A1F820-264B-4B94-BDF9-55FC83C375DB}.Debug|x64.Deploy.0 = Debug|iPhone
		{C8A1F820-264B-4B94-BDF9-55FC83C375DB}.Debug|x86.ActiveCfg = Debug|iPhone
		{C8A1F820-264B-4B94-BDF9-55FC83C375DB}.Debug|x86.Build.0 = Debug|iPhone
		{C8A1F820-264B-4B94-BDF9-55FC83C375DB}.Debug|x86.Deploy.0 = Debug|iPhone
		{C8A1F820-264B-4B94-BDF9-55FC83C375DB}.Release|Any CPU.ActiveCfg = Release|iPhone
		{C8A1F820-264B-4B94-BDF9-55FC83C375DB}.Release|Any CPU.Build.0 = Release|iPhone
		{C8A1F820-264B-4B94-BDF9-55FC83C375DB}.Release|Any CPU.Deploy.0 = Release|iPhone
		{C8A1F820-264B-4B94-BDF9-55FC83C375DB}.Release|ARM.ActiveCfg = Release|iPhone
		{C8A1F820-264B-4B94-BDF9-55FC83C375DB}.Release|ARM.Build.0 = Release|iPhone
		{C8A1F820-264B-4B94-BDF9-55FC83C375DB}.Release|ARM.Deploy.0 = Release|iPhone
		{C8A1F820-264B-4B94-BDF9-55FC83C375DB}.Release|iPhone.ActiveCfg = Release|iPhone
		{C8A1F820-264B-4B94-BDF9-55FC83C375DB}.Release|iPhone.Build.0 = Release|iPhone
		{C8A1F820-264B-4B94-BDF9-55FC83C375DB}.Release|iPhone.Deploy.0 = Release|iPhone
		{C8A1F820-264B-4B94-BDF9-55FC83C375DB}.Release|iPhoneSimulator.ActiveCfg = Release|iPhoneSimulator
		{C8A1F820-264B-4B94-BDF9-55FC83C375DB}.Release|iPhoneSimulator.Build.0 = Release|iPhoneSimulator
		{C8A1F820-264B-4B94-BDF9-55FC83C375DB}.Release|iPhoneSimulator.Deploy.0 = Release|iPhoneSimulator
		{C8A1F820-264B-4B94-BDF9-55FC83C375DB}.Release|x64.ActiveCfg = Release|iPhone
		{C8A1F820-264B-4B94-BDF9-55FC83C375DB}.Release|x64.Build.0 = Release|iPhone
		{C8A1F820-264B-4B94-BDF9-55FC83C375DB}.Release|x64.Deploy.0 = Release|iPhone
		{C8A1F820-264B-4B94-BDF9-55FC83C375DB}.Release|x86.ActiveCfg = Release|iPhone
		{C8A1F820-264B-4B94-BDF9-55FC83C375DB}.Release|x86.Build.0 = Release|iPhone
		{C8A1F820-264B-4B94-BDF9-55FC83C375DB}.Release|x86.Deploy.0 = Release|iPhone
		{D724AE5E-3DD5-40F7-854F-FD4546EC2CA9}.Debug|Any CPU.ActiveCfg = Debug|Any CPU
		{D724AE5E-3DD5-40F7-854F-FD4546EC2CA9}.Debug|Any CPU.Build.0 = Debug|Any CPU
		{D724AE5E-3DD5-40F7-854F-FD4546EC2CA9}.Debug|Any CPU.Deploy.0 = Debug|Any CPU
		{D724AE5E-3DD5-40F7-854F-FD4546EC2CA9}.Debug|ARM.ActiveCfg = Debug|Any CPU
		{D724AE5E-3DD5-40F7-854F-FD4546EC2CA9}.Debug|ARM.Build.0 = Debug|Any CPU
		{D724AE5E-3DD5-40F7-854F-FD4546EC2CA9}.Debug|ARM.Deploy.0 = Debug|Any CPU
		{D724AE5E-3DD5-40F7-854F-FD4546EC2CA9}.Debug|iPhone.ActiveCfg = Debug|Any CPU
		{D724AE5E-3DD5-40F7-854F-FD4546EC2CA9}.Debug|iPhone.Build.0 = Debug|Any CPU
		{D724AE5E-3DD5-40F7-854F-FD4546EC2CA9}.Debug|iPhone.Deploy.0 = Debug|Any CPU
		{D724AE5E-3DD5-40F7-854F-FD4546EC2CA9}.Debug|iPhoneSimulator.ActiveCfg = Debug|Any CPU
		{D724AE5E-3DD5-40F7-854F-FD4546EC2CA9}.Debug|iPhoneSimulator.Build.0 = Debug|Any CPU
		{D724AE5E-3DD5-40F7-854F-FD4546EC2CA9}.Debug|iPhoneSimulator.Deploy.0 = Debug|Any CPU
		{D724AE5E-3DD5-40F7-854F-FD4546EC2CA9}.Debug|x64.ActiveCfg = Debug|Any CPU
		{D724AE5E-3DD5-40F7-854F-FD4546EC2CA9}.Debug|x64.Build.0 = Debug|Any CPU
		{D724AE5E-3DD5-40F7-854F-FD4546EC2CA9}.Debug|x64.Deploy.0 = Debug|Any CPU
		{D724AE5E-3DD5-40F7-854F-FD4546EC2CA9}.Debug|x86.ActiveCfg = Debug|Any CPU
		{D724AE5E-3DD5-40F7-854F-FD4546EC2CA9}.Debug|x86.Build.0 = Debug|Any CPU
		{D724AE5E-3DD5-40F7-854F-FD4546EC2CA9}.Debug|x86.Deploy.0 = Debug|Any CPU
		{D724AE5E-3DD5-40F7-854F-FD4546EC2CA9}.Release|Any CPU.ActiveCfg = Release|Any CPU
		{D724AE5E-3DD5-40F7-854F-FD4546EC2CA9}.Release|Any CPU.Build.0 = Release|Any CPU
		{D724AE5E-3DD5-40F7-854F-FD4546EC2CA9}.Release|Any CPU.Deploy.0 = Release|Any CPU
		{D724AE5E-3DD5-40F7-854F-FD4546EC2CA9}.Release|ARM.ActiveCfg = Release|Any CPU
		{D724AE5E-3DD5-40F7-854F-FD4546EC2CA9}.Release|ARM.Build.0 = Release|Any CPU
		{D724AE5E-3DD5-40F7-854F-FD4546EC2CA9}.Release|ARM.Deploy.0 = Release|Any CPU
		{D724AE5E-3DD5-40F7-854F-FD4546EC2CA9}.Release|iPhone.ActiveCfg = Release|Any CPU
		{D724AE5E-3DD5-40F7-854F-FD4546EC2CA9}.Release|iPhone.Build.0 = Release|Any CPU
		{D724AE5E-3DD5-40F7-854F-FD4546EC2CA9}.Release|iPhone.Deploy.0 = Release|Any CPU
		{D724AE5E-3DD5-40F7-854F-FD4546EC2CA9}.Release|iPhoneSimulator.ActiveCfg = Release|Any CPU
		{D724AE5E-3DD5-40F7-854F-FD4546EC2CA9}.Release|iPhoneSimulator.Build.0 = Release|Any CPU
		{D724AE5E-3DD5-40F7-854F-FD4546EC2CA9}.Release|iPhoneSimulator.Deploy.0 = Release|Any CPU
		{D724AE5E-3DD5-40F7-854F-FD4546EC2CA9}.Release|x64.ActiveCfg = Release|Any CPU
		{D724AE5E-3DD5-40F7-854F-FD4546EC2CA9}.Release|x64.Build.0 = Release|Any CPU
		{D724AE5E-3DD5-40F7-854F-FD4546EC2CA9}.Release|x64.Deploy.0 = Release|Any CPU
		{D724AE5E-3DD5-40F7-854F-FD4546EC2CA9}.Release|x86.ActiveCfg = Release|Any CPU
		{D724AE5E-3DD5-40F7-854F-FD4546EC2CA9}.Release|x86.Build.0 = Release|Any CPU
		{D724AE5E-3DD5-40F7-854F-FD4546EC2CA9}.Release|x86.Deploy.0 = Release|Any CPU
	EndGlobalSection
	GlobalSection(SolutionProperties) = preSolution
		HideSolutionNode = FALSE
	EndGlobalSection
	GlobalSection(ExtensibilityGlobals) = postSolution
		SolutionGuid = {CD33BB2E-0517-4538-A08D-1616A0E68D32}
	EndGlobalSection
EndGlobal
